# This file is automatically @generated by Poetry 1.4.0 and should not be changed by hand.

[[package]]
name = "inicfp"
version = "0.2.4"
description = "Very simple .ini-like text parser"
category = "main"
optional = false
python-versions = "^3.10"
files = []
develop = false

[package.source]
type = "git"
url = "https://github.com/teppyboy/inicfp"
reference = "v0.2.4"
resolved_reference = "a9323bac9ced51607a4517aa6947e32dbf4442ed"

[metadata]
lock-version = "2.0"
python-versions = "^3.10"
content-hash = "00737a69872b0e9e05c31c0f309d9dc6cdcbc55b51680004399d4a41d455d973"
